{
  "name": "prisma-pp",
  "version": "0.0.1",
  "lockfileVersion": 3,
  "requires": true,
  "packages": {
    "": {
      "name": "prisma-pp",
      "version": "0.0.1",
      "license": "MIT",
      "dependencies": {
        "@prisma/client": "^5.22.0",
        "json-boundary": "^2.0.0"
      },
      "bin": {
        "ppp-sync": "bin/sync.js"
      }
    },
    "node_modules/@prisma/client": {
      "version": "5.22.0",
      "resolved": "https://registry.npmjs.org/@prisma/client/-/client-5.22.0.tgz",
      "integrity": "sha512-M0SVXfyHnQREBKxCgyo7sffrKttwE6R8PMq330MIUF0pTwjUhLbW84pFDlf06B27XyCR++VtjugEnIHdr07SVA==",
      "hasInstallScript": true,
      "license": "Apache-2.0",
      "engines": {
        "node": ">=16.13"
      },
      "peerDependencies": {
        "prisma": "*"
      },
      "peerDependenciesMeta": {
        "prisma": {
          "optional": true
        }
      }
    },
    "node_modules/json-boundary": {
      "version": "2.0.0",
      "resolved": "https://registry.npmjs.org/json-boundary/-/json-boundary-2.0.0.tgz",
      "integrity": "sha512-fE7DFoW566WnbUWmN6MukyY+VCqGQU8Tsr7y+ppNjwogk9q6zqTTyB9z29biD82vc9cAc8+CuOd+x8yrI6GdsQ==",
      "license": "MIT"
    }
  }
}
