{
  "name": "prisma++",
  "version": "1.0.0",
  "lockfileVersion": 3,
  "requires": true,
  "packages": {
    "": {
      "name": "prisma++",
      "version": "1.0.0",
      "license": "MIT",
      "dependencies": {
        "@prisma/client": "^5.21.1",
        "json-boundary": "^2.0.0"
      }
    },
    "node_modules/@prisma/client": {
      "version": "5.21.1",
      "resolved": "https://registry.npmjs.org/@prisma/client/-/client-5.21.1.tgz",
      "integrity": "sha512-3n+GgbAZYjaS/k0M03yQsQfR1APbr411r74foknnsGpmhNKBG49VuUkxIU6jORgvJPChoD4WC4PqoHImN1FP0w==",
      "hasInstallScript": true,
      "license": "Apache-2.0",
      "engines": {
        "node": ">=16.13"
      },
      "peerDependencies": {
        "prisma": "*"
      },
      "peerDependenciesMeta": {
        "prisma": {
          "optional": true
        }
      }
    },
    "node_modules/json-boundary": {
      "version": "2.0.0",
      "resolved": "https://registry.npmjs.org/json-boundary/-/json-boundary-2.0.0.tgz",
      "integrity": "sha512-fE7DFoW566WnbUWmN6MukyY+VCqGQU8Tsr7y+ppNjwogk9q6zqTTyB9z29biD82vc9cAc8+CuOd+x8yrI6GdsQ==",
      "license": "MIT"
    }
  }
}
